// !$*UTF8*$!
{
	archiveVersion = 1;
	classes = {
	};
	objectVersion = 55;
	objects = {

/* Begin PBXBuildFile section */
		ACEB1DCF27A10DE3008E7919 /* AppDelegate.swift in Sources */ = {isa = PBXBuildFile; fileRef = ACEB1DCE27A10DE3008E7919 /* AppDelegate.swift */; };
		ACEB1DD127A10DE3008E7919 /* SceneDelegate.swift in Sources */ = {isa = PBXBuildFile; fileRef = ACEB1DD027A10DE3008E7919 /* SceneDelegate.swift */; };
		ACEB1DD327A10DE3008E7919 /* ViewController.swift in Sources */ = {isa = PBXBuildFile; fileRef = ACEB1DD227A10DE3008E7919 /* ViewController.swift */; };
		ACEB1DD627A10DE3008E7919 /* Main.storyboard in Resources */ = {isa = PBXBuildFile; fileRef = ACEB1DD427A10DE3008E7919 /* Main.storyboard */; };
		ACEB1DD827A10DE4008E7919 /* Assets.xcassets in Resources */ = {isa = PBXBuildFile; fileRef = ACEB1DD727A10DE4008E7919 /* Assets.xcassets */; };
		ACEB1DDB27A10DE4008E7919 /* LaunchScreen.storyboard in Resources */ = {isa = PBXBuildFile; fileRef = ACEB1DD927A10DE4008E7919 /* LaunchScreen.storyboard */; };
		ACEB1DE627A10DE4008E7919 /* preworkTests.swift in Sources */ = {isa = PBXBuildFile; fileRef = ACEB1DE527A10DE4008E7919 /* preworkTests.swift */; };
		ACEB1DF027A10DE4008E7919 /* preworkUITests.swift in Sources */ = {isa = PBXBuildFile; fileRef = ACEB1DEF27A10DE4008E7919 /* preworkUITests.swift */; };
		ACEB1DF227A10DE4008E7919 /* preworkUITestsLaunchTests.swift in Sources */ = {isa = PBXBuildFile; fileRef = ACEB1DF127A10DE4008E7919 /* preworkUITestsLaunchTests.swift */; };
/* End PBXBuildFile section */

/* Begin PBXContainerItemProxy section */
		ACEB1DE227A10DE4008E7919 /* PBXContainerItemProxy */ = {
			isa = PBXContainerItemProxy;
			containerPortal = ACEB1DC327A10DE3008E7919 /* Project object */;
			proxyType = 1;
			remoteGlobalIDString = ACEB1DCA27A10DE3008E7919;
			remoteInfo = prework;
		};
		ACEB1DEC27A10DE4008E7919 /* PBXContainerItemProxy */ = {
			isa = PBXContainerItemProxy;
			containerPortal = ACEB1DC327A10DE3008E7919 /* Project object */;
			proxyType = 1;
			remoteGlobalIDString = ACEB1DCA27A10DE3008E7919;
			remoteInfo = prework;
		};
/* End PBXContainerItemProxy section */

/* Begin PBXFileReference section */
		ACEB1DCB27A10DE3008E7919 /* prework.app */ = {isa = PBXFileReference; explicitFileType = wrapper.application; includeInIndex = 0; path = prework.app; sourceTree = BUILT_PRODUCTS_DIR; };
		ACEB1DCE27A10DE3008E7919 /* AppDelegate.swift */ = {isa = PBXFileReference; lastKnownFileType = sourcecode.swift; path = AppDelegate.swift; sourceTree = "<group>"; };
		ACEB1DD027A10DE3008E7919 /* SceneDelegate.swift */ = {isa = PBXFileReference; lastKnownFileType = sourcecode.swift; path = SceneDelegate.swift; sourceTree = "<group>"; };
		ACEB1DD227A10DE3008E7919 /* ViewController.swift */ = {isa = PBXFileReference; lastKnownFileType = sourcecode.swift; path = ViewController.swift; sourceTree = "<group>"; };
		ACEB1DD527A10DE3008E7919 /* Base */ = {isa = PBXFileReference; lastKnownFileType = file.storyboard; name = Base; path = Base.lproj/Main.storyboard; sourceTree = "<group>"; };
		ACEB1DD727A10DE4008E7919 /* Assets.xcassets */ = {isa = PBXFileReference; lastKnownFileType = folder.assetcatalog; path = Assets.xcassets; sourceTree = "<group>"; };
		ACEB1DDA27A10DE4008E7919 /* Base */ = {isa = PBXFileReference; lastKnownFileType = file.storyboard; name = Base; path = Base.lproj/LaunchScreen.storyboard; sourceTree = "<group>"; };
		ACEB1DDC27A10DE4008E7919 /* Info.plist */ = {isa = PBXFileReference; lastKnownFileType = text.plist.xml; path = Info.plist; sourceTree = "<group>"; };
		ACEB1DE127A10DE4008E7919 /* preworkTests.xctest */ = {isa = PBXFileReference; explicitFileType = wrapper.cfbundle; includeInIndex = 0; path = preworkTests.xctest; sourceTree = BUILT_PRODUCTS_DIR; };
		ACEB1DE527A10DE4008E7919 /* preworkTests.swift */ = {isa = PBXFileReference; lastKnownFileType = sourcecode.swift; path = preworkTests.swift; sourceTree = "<group>"; };
		ACEB1DEB27A10DE4008E7919 /* preworkUITests.xctest */ = {isa = PBXFileReference; explicitFileType = wrapper.cfbundle; includeInIndex = 0; path = preworkUITests.xctest; sourceTree = BUILT_PRODUCTS_DIR; };
		ACEB1DEF27A10DE4008E7919 /* preworkUITests.swift */ = {isa = PBXFileReference; lastKnownFileType = sourcecode.swift; path = preworkUITests.swift; sourceTree = "<group>"; };
		ACEB1DF127A10DE4008E7919 /* preworkUITestsLaunchTests.swift */ = {isa = PBXFileReference; lastKnownFileType = sourcecode.swift; path = preworkUITestsLaunchTests.swift; sourceTree = "<group>"; };
/* End PBXFileReference section */

/* Begin PBXFrameworksBuildPhase section */
		ACEB1DC827A10DE3008E7919 /* Frameworks */ = {
			isa = PBXFrameworksBuildPhase;
			buildActionMask = 2147483647;
			files = (
			);
			runOnlyForDeploymentPostprocessing = 0;
		};
		ACEB1DDE27A10DE4008E7919 /* Frameworks */ = {
			isa = PBXFrameworksBuildPhase;
			buildActionMask = 2147483647;
			files = (
			);
			runOnlyForDeploymentPostprocessing = 0;
		};
		ACEB1DE827A10DE4008E7919 /* Frameworks */ = {
			isa = PBXFrameworksBuildPhase;
			buildActionMask = 2147483647;
			files = (
			);
			runOnlyForDeploymentPostprocessing = 0;
		};
/* End PBXFrameworksBuildPhase section */

/* Begin PBXGroup section */
		ACEB1DC227A10DE3008E7919 = {
			isa = PBXGroup;
			children = (
				ACEB1DCD27A10DE3008E7919 /* prework */,
				ACEB1DE427A10DE4008E7919 /* preworkTests */,
				ACEB1DEE27A10DE4008E7919 /* preworkUITests */,
				ACEB1DCC27A10DE3008E7919 /* Products */,
			);
			sourceTree = "<group>";
		};
		ACEB1DCC27A10DE3008E7919 /* Products */ = {
			isa = PBXGroup;
			children = (
				ACEB1DCB27A10DE3008E7919 /* prework.app */,
				ACEB1DE127A10DE4008E7919 /* preworkTests.xctest */,
				ACEB1DEB27A10DE4008E7919 /* preworkUITests.xctest */,
			);
			name = Products;
			sourceTree = "<group>";
		};
		ACEB1DCD27A10DE3008E7919 /* prework */ = {
			isa = PBXGroup;
			children = (
				ACEB1DCE27A10DE3008E7919 /* AppDelegate.swift */,
				ACEB1DD027A10DE3008E7919 /* SceneDelegate.swift */,
				ACEB1DD227A10DE3008E7919 /* ViewController.swift */,
				ACEB1DD427A10DE3008E7919 /* Main.storyboard */,
				ACEB1DD727A10DE4008E7919 /* Assets.xcassets */,
				ACEB1DD927A10DE4008E7919 /* LaunchScreen.storyboard */,
				ACEB1DDC27A10DE4008E7919 /* Info.plist */,
			);
			path = prework;
			sourceTree = "<group>";
		};
		ACEB1DE427A10DE4008E7919 /* preworkTests */ = {
			isa = PBXGroup;
			children = (
				ACEB1DE527A10DE4008E7919 /* preworkTests.swift */,
			);
			path = preworkTests;
			sourceTree = "<group>";
		};
		ACEB1DEE27A10DE4008E7919 /* preworkUITests */ = {
			isa = PBXGroup;
			children = (
				ACEB1DEF27A10DE4008E7919 /* preworkUITests.swift */,
				ACEB1DF127A10DE4008E7919 /* preworkUITestsLaunchTests.swift */,
			);
			path = preworkUITests;
			sourceTree = "<group>";
		};
/* End PBXGroup section */

/* Begin PBXNativeTarget section */
		ACEB1DCA27A10DE3008E7919 /* prework */ = {
			isa = PBXNativeTarget;
			buildConfigurationList = ACEB1DF527A10DE4008E7919 /* Build configuration list for PBXNativeTarget "prework" */;
			buildPhases = (
				ACEB1DC727A10DE3008E7919 /* Sources */,
				ACEB1DC827A10DE3008E7919 /* Frameworks */,
				ACEB1DC927A10DE3008E7919 /* Resources */,
			);
			buildRules = (
			);
			dependencies = (
			);
			name = prework;
			productName = prework;
			productReference = ACEB1DCB27A10DE3008E7919 /* prework.app */;
			productType = "com.apple.product-type.application";
		};
		ACEB1DE027A10DE4008E7919 /* preworkTests */ = {
			isa = PBXNativeTarget;
			buildConfigurationList = ACEB1DF827A10DE4008E7919 /* Build configuration list for PBXNativeTarget "preworkTests" */;
			buildPhases = (
				ACEB1DDD27A10DE4008E7919 /* Sources */,
				ACEB1DDE27A10DE4008E7919 /* Frameworks */,
				ACEB1DDF27A10DE4008E7919 /* Resources */,
			);
			buildRules = (
			);
			dependencies = (
				ACEB1DE327A10DE4008E7919 /* PBXTargetDependency */,
			);
			name = preworkTests;
			productName = preworkTests;
			productReference = ACEB1DE127A10DE4008E7919 /* preworkTests.xctest */;
			productType = "com.apple.product-type.bundle.unit-test";
		};
		ACEB1DEA27A10DE4008E7919 /* preworkUITests */ = {
			isa = PBXNativeTarget;
			buildConfigurationList = ACEB1DFB27A10DE4008E7919 /* Build configuration list for PBXNativeTarget "preworkUITests" */;
			buildPhases = (
				ACEB1DE727A10DE4008E7919 /* Sources */,
				ACEB1DE827A10DE4008E7919 /* Frameworks */,
				ACEB1DE927A10DE4008E7919 /* Resources */,
			);
			buildRules = (
			);
			dependencies = (
				ACEB1DED27A10DE4008E7919 /* PBXTargetDependency */,
			);
			name = preworkUITests;
			productName = preworkUITests;
			productReference = ACEB1DEB27A10DE4008E7919 /* preworkUITests.xctest */;
			productType = "com.apple.product-type.bundle.ui-testing";
		};
/* End PBXNativeTarget section */

/* Begin PBXProject section */
		ACEB1DC327A10DE3008E7919 /* Project object */ = {
			isa = PBXProject;
			attributes = {
				BuildIndependentTargetsInParallel = 1;
				LastSwiftUpdateCheck = 1320;
				LastUpgradeCheck = 1320;
				TargetAttributes = {
					ACEB1DCA27A10DE3008E7919 = {
						CreatedOnToolsVersion = 13.2.1;
					};
					ACEB1DE027A10DE4008E7919 = {
						CreatedOnToolsVersion = 13.2.1;
						TestTargetID = ACEB1DCA27A10DE3008E7919;
					};
					ACEB1DEA27A10DE4008E7919 = {
						CreatedOnToolsVersion = 13.2.1;
						TestTargetID = ACEB1DCA27A10DE3008E7919;
					};
				};
			};
			buildConfigurationList = ACEB1DC627A10DE3008E7919 /* Build configuration list for PBXProject "prework" */;
			compatibilityVersion = "Xcode 13.0";
			developmentRegion = en;
			hasScannedForEncodings = 0;
			knownRegions = (
				en,
				Base,
			);
			mainGroup = ACEB1DC227A10DE3008E7919;
			productRefGroup = ACEB1DCC27A10DE3008E7919 /* Products */;
			projectDirPath = "";
			projectRoot = "";
			targets = (
				ACEB1DCA27A10DE3008E7919 /* prework */,
				ACEB1DE027A10DE4008E7919 /* preworkTests */,
				ACEB1DEA27A10DE4008E7919 /* preworkUITests */,
			);
		};
/* End PBXProject section */

/* Begin PBXResourcesBuildPhase section */
		ACEB1DC927A10DE3008E7919 /* Resources */ = {
			isa = PBXResourcesBuildPhase;
			buildActionMask = 2147483647;
			files = (
				ACEB1DDB27A10DE4008E7919 /* LaunchScreen.storyboard in Resources */,
				ACEB1DD827A10DE4008E7919 /* Assets.xcassets in Resources */,
				ACEB1DD627A10DE3008E7919 /* Main.storyboard in Resources */,
			);
			runOnlyForDeploymentPostprocessing = 0;
		};
		ACEB1DDF27A10DE4008E7919 /* Resources */ = {
			isa = PBXResourcesBuildPhase;
			buildActionMask = 2147483647;
			files = (
			);
			runOnlyForDeploymentPostprocessing = 0;
		};
		ACEB1DE927A10DE4008E7919 /* Resources */ = {
			isa = PBXResourcesBuildPhase;
			buildActionMask = 2147483647;
			files = (
			);
			runOnlyForDeploymentPostprocessing = 0;
		};
/* End PBXResourcesBuildPhase section */

/* Begin PBXSourcesBuildPhase section */
		ACEB1DC727A10DE3008E7919 /* Sources */ = {
			isa = PBXSourcesBuildPhase;
			buildActionMask = 2147483647;
			files = (
				ACEB1DD327A10DE3008E7919 /* ViewController.swift in Sources */,
				ACEB1DCF27A10DE3008E7919 /* AppDelegate.swift in Sources */,
				ACEB1DD127A10DE3008E7919 /* SceneDelegate.swift in Sources */,
			);
			runOnlyForDeploymentPostprocessing = 0;
		};
		ACEB1DDD27A10DE4008E7919 /* Sources */ = {
			isa = PBXSourcesBuildPhase;
			buildActionMask = 2147483647;
			files = (
				ACEB1DE627A10DE4008E7919 /* preworkTests.swift in Sources */,
			);
			runOnlyForDeploymentPostprocessing = 0;
		};
		ACEB1DE727A10DE4008E7919 /* Sources */ = {
			isa = PBXSourcesBuildPhase;
			buildActionMask = 2147483647;
			files = (
				ACEB1DF027A10DE4008E7919 /* preworkUITests.swift in Sources */,
				ACEB1DF227A10DE4008E7919 /* preworkUITestsLaunchTests.swift in Sources */,
			);
			runOnlyForDeploymentPostprocessing = 0;
		};
/* End PBXSourcesBuildPhase section */

/* Begin PBXTargetDependency section */
		ACEB1DE327A10DE4008E7919 /* PBXTargetDependency */ = {
			isa = PBXTargetDependency;
			target = ACEB1DCA27A10DE3008E7919 /* prework */;
			targetProxy = ACEB1DE227A10DE4008E7919 /* PBXContainerItemProxy */;
		};
		ACEB1DED27A10DE4008E7919 /* PBXTargetDependency */ = {
			isa = PBXTargetDependency;
			target = ACEB1DCA27A10DE3008E7919 /* prework */;
			targetProxy = ACEB1DEC27A10DE4008E7919 /* PBXContainerItemProxy */;
		};
/* End PBXTargetDependency section */

/* Begin PBXVariantGroup section */
		ACEB1DD427A10DE3008E7919 /* Main.storyboard */ = {
			isa = PBXVariantGroup;
			children = (
				ACEB1DD527A10DE3008E7919 /* Base */,
			);
			name = Main.storyboard;
			sourceTree = "<group>";
		};
		ACEB1DD927A10DE4008E7919 /* LaunchScreen.storyboard */ = {
			isa = PBXVariantGroup;
			children = (
				ACEB1DDA27A10DE4008E7919 /* Base */,
			);
			name = LaunchScreen.storyboard;
			sourceTree = "<group>";
		};
/* End PBXVariantGroup section */

/* Begin XCBuildConfiguration section */
		ACEB1DF327A10DE4008E7919 /* Debug */ = {
			isa = XCBuildConfiguration;
			buildSettings = {
				ALWAYS_SEARCH_USER_PATHS = NO;
				CLANG_ANALYZER_NONNULL = YES;
				CLANG_ANALYZER_NUMBER_OBJECT_CONVERSION = YES_AGGRESSIVE;
				CLANG_CXX_LANGUAGE_STANDARD = "gnu++17";
				CLANG_CXX_LIBRARY = "libc++";
				CLANG_ENABLE_MODULES = YES;
				CLANG_ENABLE_OBJC_ARC = YES;
				CLANG_ENABLE_OBJC_WEAK = YES;
				CLANG_WARN_BLOCK_CAPTURE_AUTORELEASING = YES;
				CLANG_WARN_BOOL_CONVERSION = YES;
				CLANG_WARN_COMMA = YES;
				CLANG_WARN_CONSTANT_CONVERSION = YES;
				CLANG_WARN_DEPRECATED_OBJC_IMPLEMENTATIONS = YES;
				CLANG_WARN_DIRECT_OBJC_ISA_USAGE = YES_ERROR;
				CLANG_WARN_DOCUMENTATION_COMMENTS = YES;
				CLANG_WARN_EMPTY_BODY = YES;
				CLANG_WARN_ENUM_CONVERSION = YES;
				CLANG_WARN_INFINITE_RECURSION = YES;
				CLANG_WARN_INT_CONVERSION = YES;
				CLANG_WARN_NON_LITERAL_NULL_CONVERSION = YES;
				CLANG_WARN_OBJC_IMPLICIT_RETAIN_SELF = YES;
				CLANG_WARN_OBJC_LITERAL_CONVERSION = YES;
				CLANG_WARN_OBJC_ROOT_CLASS = YES_ERROR;
				CLANG_WARN_QUOTED_INCLUDE_IN_FRAMEWORK_HEADER = YES;
				CLANG_WARN_RANGE_LOOP_ANALYSIS = YES;
				CLANG_WARN_STRICT_PROTOTYPES = YES;
				CLANG_WARN_SUSPICIOUS_MOVE = YES;
				CLANG_WARN_UNGUARDED_AVAILABILITY = YES_AGGRESSIVE;
				CLANG_WARN_UNREACHABLE_CODE = YES;
				CLANG_WARN__DUPLICATE_METHOD_MATCH = YES;
				COPY_PHASE_STRIP = NO;
				DEBUG_INFORMATION_FORMAT = dwarf;
				ENABLE_STRICT_OBJC_MSGSEND = YES;
				ENABLE_TESTABILITY = YES;
				GCC_C_LANGUAGE_STANDARD = gnu11;
				GCC_DYNAMIC_NO_PIC = NO;
				GCC_NO_COMMON_BLOCKS = YES;
				GCC_OPTIMIZATION_LEVEL = 0;
				GCC_PREPROCESSOR_DEFINITIONS = (
					"DEBUG=1",
					"$(inherited)",
				);
				GCC_WARN_64_TO_32_BIT_CONVERSION = YES;
				GCC_WARN_ABOUT_RETURN_TYPE = YES_ERROR;
				GCC_WARN_UNDECLARED_SELECTOR = YES;
				GCC_WARN_UNINITIALIZED_AUTOS = YES_AGGRESSIVE;
				GCC_WARN_UNUSED_FUNCTION = YES;
				GCC_WARN_UNUSED_VARIABLE = YES;
				IPHONEOS_DEPLOYMENT_TARGET = 15.2;
				MTL_ENABLE_DEBUG_INFO = INCLUDE_SOURCE;
				MTL_FAST_MATH = YES;
				ONLY_ACTIVE_ARCH = YES;
				SDKROOT = iphoneos;
				SWIFT_ACTIVE_COMPILATION_CONDITIONS = DEBUG;
				SWIFT_OPTIMIZATION_LEVEL = "-Onone";
			};
			name = Debug;
		};
		ACEB1DF427A10DE4008E7919 /* Release */ = {
			isa = XCBuildConfiguration;
			buildSettings = {
				ALWAYS_SEARCH_USER_PATHS = NO;
				CLANG_ANALYZER_NONNULL = YES;
				CLANG_ANALYZER_NUMBER_OBJECT_CONVERSION = YES_AGGRESSIVE;
				CLANG_CXX_LANGUAGE_STANDARD = "gnu++17";
				CLANG_CXX_LIBRARY = "libc++";
				CLANG_ENABLE_MODULES = YES;
				CLANG_ENABLE_OBJC_ARC = YES;
				CLANG_ENABLE_OBJC_WEAK = YES;
				CLANG_WARN_BLOCK_CAPTURE_AUTORELEASING = YES;
				CLANG_WARN_BOOL_CONVERSION = YES;
				CLANG_WARN_COMMA = YES;
				CLANG_WARN_CONSTANT_CONVERSION = YES;
				CLANG_WARN_DEPRECATED_OBJC_IMPLEMENTATIONS = YES;
				CLANG_WARN_DIRECT_OBJC_ISA_USAGE = YES_ERROR;
				CLANG_WARN_DOCUMENTATION_COMMENTS = YES;
				CLANG_WARN_EMPTY_BODY = YES;
				CLANG_WARN_ENUM_CONVERSION = YES;
				CLANG_WARN_INFINITE_RECURSION = YES;
				CLANG_WARN_INT_CONVERSION = YES;
				CLANG_WARN_NON_LITERAL_NULL_CONVERSION = YES;
				CLANG_WARN_OBJC_IMPLICIT_RETAIN_SELF = YES;
				CLANG_WARN_OBJC_LITERAL_CONVERSION = YES;
				CLANG_WARN_OBJC_ROOT_CLASS = YES_ERROR;
				CLANG_WARN_QUOTED_INCLUDE_IN_FRAMEWORK_HEADER = YES;
				CLANG_WARN_RANGE_LOOP_ANALYSIS = YES;
				CLANG_WARN_STRICT_PROTOTYPES = YES;
				CLANG_WARN_SUSPICIOUS_MOVE = YES;
				CLANG_WARN_UNGUARDED_AVAILABILITY = YES_AGGRESSIVE;
				CLANG_WARN_UNREACHABLE_CODE = YES;
				CLANG_WARN__DUPLICATE_METHOD_MATCH = YES;
				COPY_PHASE_STRIP = NO;
				DEBUG_INFORMATION_FORMAT = "dwarf-with-dsym";
				ENABLE_NS_ASSERTIONS = NO;
				ENABLE_STRICT_OBJC_MSGSEND = YES;
				GCC_C_LANGUAGE_STANDARD = gnu11;
				GCC_NO_COMMON_BLOCKS = YES;
				GCC_WARN_64_TO_32_BIT_CONVERSION = YES;
				GCC_WARN_ABOUT_RETURN_TYPE = YES_ERROR;
				GCC_WARN_UNDECLARED_SELECTOR = YES;
				GCC_WARN_UNINITIALIZED_AUTOS = YES_AGGRESSIVE;
				GCC_WARN_UNUSED_FUNCTION = YES;
				GCC_WARN_UNUSED_VARIABLE = YES;
				IPHONEOS_DEPLOYMENT_TARGET = 15.2;
				MTL_ENABLE_DEBUG_INFO = NO;
				MTL_FAST_MATH = YES;
				SDKROOT = iphoneos;
				SWIFT_COMPILATION_MODE = wholemodule;
				SWIFT_OPTIMIZATION_LEVEL = "-O";
				VALIDATE_PRODUCT = YES;
			};
			name = Release;
		};
		ACEB1DF627A10DE4008E7919 /* Debug */ = {
			isa = XCBuildConfiguration;
			buildSettings = {
				ASSETCATALOG_COMPILER_APPICON_NAME = AppIcon;
				ASSETCATALOG_COMPILER_GLOBAL_ACCENT_COLOR_NAME = AccentColor;
				CODE_SIGN_STYLE = Automatic;
				CURRENT_PROJECT_VERSION = 1;
				DEVELOPMENT_TEAM = NT32773DA5;
				GENERATE_INFOPLIST_FILE = YES;
				INFOPLIST_FILE = prework/Info.plist;
				INFOPLIST_KEY_UIApplicationSupportsIndirectInputEvents = YES;
				INFOPLIST_KEY_UILaunchStoryboardName = LaunchScreen;
				INFOPLIST_KEY_UIMainStoryboardFile = Main;
				INFOPLIST_KEY_UISupportedInterfaceOrientations_iPad = "UIInterfaceOrientationPortrait UIInterfaceOrientationPortraitUpsideDown UIInterfaceOrientationLandscapeLeft UIInterfaceOrientationLandscapeRight";
				INFOPLIST_KEY_UISupportedInterfaceOrientations_iPhone = "UIInterfaceOrientationPortrait UIInterfaceOrientationLandscapeLeft UIInterfaceOrientationLandscapeRight";
				LD_RUNPATH_SEARCH_PATHS = (
					"$(inherited)",
					"@executable_path/Frameworks",
				);
				MARKETING_VERSION = 1.0;
				PRODUCT_BUNDLE_IDENTIFIER = codepathios.prework;
				PRODUCT_NAME = "$(TARGET_NAME)";
				SWIFT_EMIT_LOC_STRINGS = YES;
				SWIFT_VERSION = 5.0;
				TARGETED_DEVICE_FAMILY = "1,2";
			};
			name = Debug;
		};
		ACEB1DF727A10DE4008E7919 /* Release */ = {
			isa = XCBuildConfiguration;
			buildSettings = {
				ASSETCATALOG_COMPILER_APPICON_NAME = AppIcon;
				ASSETCATALOG_COMPILER_GLOBAL_ACCENT_COLOR_NAME = AccentColor;
				CODE_SIGN_STYLE = Automatic;
				CURRENT_PROJECT_VERSION = 1;
				DEVELOPMENT_TEAM = NT32773DA5;
				GENERATE_INFOPLIST_FILE = YES;
				INFOPLIST_FILE = prework/Info.plist;
				INFOPLIST_KEY_UIApplicationSupportsIndirectInputEvents = YES;
				INFOPLIST_KEY_UILaunchStoryboardName = LaunchScreen;
				INFOPLIST_KEY_UIMainStoryboardFile = Main;
				INFOPLIST_KEY_UISupportedInterfaceOrientations_iPad = "UIInterfaceOrientationPortrait UIInterfaceOrientationPortraitUpsideDown UIInterfaceOrientationLandscapeLeft UIInterfaceOrientationLandscapeRight";
				INFOPLIST_KEY_UISupportedInterfaceOrientations_iPhone = "UIInterfaceOrientationPortrait UIInterfaceOrientationLandscapeLeft UIInterfaceOrientationLandscapeRight";
				LD_RUNPATH_SEARCH_PATHS = (
					"$(inherited)",
					"@executable_path/Frameworks",
				);
				MARKETING_VERSION = 1.0;
				PRODUCT_BUNDLE_IDENTIFIER = codepathios.prework;
				PRODUCT_NAME = "$(TARGET_NAME)";
				SWIFT_EMIT_LOC_STRINGS = YES;
				SWIFT_VERSION = 5.0;
				TARGETED_DEVICE_FAMILY = "1,2";
			};
			name = Release;
		};
		ACEB1DF927A10DE4008E7919 /* Debug */ = {
			isa = XCBuildConfiguration;
			buildSettings = {
				ALWAYS_EMBED_SWIFT_STANDARD_LIBRARIES = YES;
				BUNDLE_LOADER = "$(TEST_HOST)";
				CODE_SIGN_STYLE = Automatic;
				CURRENT_PROJECT_VERSION = 1;
				GENERATE_INFOPLIST_FILE = YES;
				IPHONEOS_DEPLOYMENT_TARGET = 15.2;
				MARKETING_VERSION = 1.0;
				PRODUCT_BUNDLE_IDENTIFIER = codepath.preworkTests;
				PRODUCT_NAME = "$(TARGET_NAME)";
				SWIFT_EMIT_LOC_STRINGS = NO;
				SWIFT_VERSION = 5.0;
				TARGETED_DEVICE_FAMILY = "1,2";
				TEST_HOST = "$(BUILT_PRODUCTS_DIR)/prework.app/prework";
			};
			name = Debug;
		};
		ACEB1DFA27A10DE4008E7919 /* Release */ = {
			isa = XCBuildConfiguration;
			buildSettings = {
				ALWAYS_EMBED_SWIFT_STANDARD_LIBRARIES = YES;
				BUNDLE_LOADER = "$(TEST_HOST)";
				CODE_SIGN_STYLE = Automatic;
				CURRENT_PROJECT_VERSION = 1;
				GENERATE_INFOPLIST_FILE = YES;
				IPHONEOS_DEPLOYMENT_TARGET = 15.2;
				MARKETING_VERSION = 1.0;
				PRODUCT_BUNDLE_IDENTIFIER = codepath.preworkTests;
				PRODUCT_NAME = "$(TARGET_NAME)";
				SWIFT_EMIT_LOC_STRINGS = NO;
				SWIFT_VERSION = 5.0;
				TARGETED_DEVICE_FAMILY = "1,2";
				TEST_HOST = "$(BUILT_PRODUCTS_DIR)/prework.app/prework";
			};
			name = Release;
		};
		ACEB1DFC27A10DE4008E7919 /* Debug */ = {
			isa = XCBuildConfiguration;
			buildSettings = {
				ALWAYS_EMBED_SWIFT_STANDARD_LIBRARIES = YES;
				CODE_SIGN_STYLE = Automatic;
				CURRENT_PROJECT_VERSION = 1;
				GENERATE_INFOPLIST_FILE = YES;
				MARKETING_VERSION = 1.0;
				PRODUCT_BUNDLE_IDENTIFIER = codepath.preworkUITests;
				PRODUCT_NAME = "$(TARGET_NAME)";
				SWIFT_EMIT_LOC_STRINGS = NO;
				SWIFT_VERSION = 5.0;
				TARGETED_DEVICE_FAMILY = "1,2";
				TEST_TARGET_NAME = prework;
			};
			name = Debug;
		};
		ACEB1DFD27A10DE4008E7919 /* Release */ = {
			isa = XCBuildConfiguration;
			buildSettings = {
				ALWAYS_EMBED_SWIFT_STANDARD_LIBRARIES = YES;
				CODE_SIGN_STYLE = Automatic;
				CURRENT_PROJECT_VERSION = 1;
				GENERATE_INFOPLIST_FILE = YES;
				MARKETING_VERSION = 1.0;
				PRODUCT_BUNDLE_IDENTIFIER = codepath.preworkUITests;
				PRODUCT_NAME = "$(TARGET_NAME)";
				SWIFT_EMIT_LOC_STRINGS = NO;
				SWIFT_VERSION = 5.0;
				TARGETED_DEVICE_FAMILY = "1,2";
				TEST_TARGET_NAME = prework;
			};
			name = Release;
		};
/* End XCBuildConfiguration section */

/* Begin XCConfigurationList section */
		ACEB1DC627A10DE3008E7919 /* Build configuration list for PBXProject "prework" */ = {
			isa = XCConfigurationList;
			buildConfigurations = (
				ACEB1DF327A10DE4008E7919 /* Debug */,
				ACEB1DF427A10DE4008E7919 /* Release */,
			);
			defaultConfigurationIsVisible = 0;
			defaultConfigurationName = Release;
		};
		ACEB1DF527A10DE4008E7919 /* Build configuration list for PBXNativeTarget "prework" */ = {
			isa = XCConfigurationList;
			buildConfigurations = (
				ACEB1DF627A10DE4008E7919 /* Debug */,
				ACEB1DF727A10DE4008E7919 /* Release */,
			);
			defaultConfigurationIsVisible = 0;
			defaultConfigurationName = Release;
		};
		ACEB1DF827A10DE4008E7919 /* Build configuration list for PBXNativeTarget "preworkTests" */ = {
			isa = XCConfigurationList;
			buildConfigurations = (
				ACEB1DF927A10DE4008E7919 /* Debug */,
				ACEB1DFA27A10DE4008E7919 /* Release */,
			);
			defaultConfigurationIsVisible = 0;
			defaultConfigurationName = Release;
		};
		ACEB1DFB27A10DE4008E7919 /* Build configuration list for PBXNativeTarget "preworkUITests" */ = {
			isa = XCConfigurationList;
			buildConfigurations = (
				ACEB1DFC27A10DE4008E7919 /* Debug */,
				ACEB1DFD27A10DE4008E7919 /* Release */,
			);
			defaultConfigurationIsVisible = 0;
			defaultConfigurationName = Release;
		};
/* End XCConfigurationList section */
	};
	rootObject = ACEB1DC327A10DE3008E7919 /* Project object */;
}
